// !$*UTF8*$!
{
	archiveVersion = 1;
	classes = {
	};
	objectVersion = 52;
	objects = {

/* Begin PBXBuildFile section */
		AFD24EE7256F4F6100A4E1D5 /* AppDelegate.swift in Sources */ = {isa = PBXBuildFile; fileRef = AFD24EE6256F4F6100A4E1D5 /* AppDelegate.swift */; };
		AFD24EEB256F4F6100A4E1D5 /* ViewController.swift in Sources */ = {isa = PBXBuildFile; fileRef = AFD24EEA256F4F6100A4E1D5 /* ViewController.swift */; };
		AFD24EEE256F4F6100A4E1D5 /* Main.storyboard in Resources */ = {isa = PBXBuildFile; fileRef = AFD24EEC256F4F6100A4E1D5 /* Main.storyboard */; };
		AFD24EF0256F4F6400A4E1D5 /* Assets.xcassets in Resources */ = {isa = PBXBuildFile; fileRef = AFD24EEF256F4F6400A4E1D5 /* Assets.xcassets */; };
		AFD24EF3256F4F6400A4E1D5 /* LaunchScreen.storyboard in Resources */ = {isa = PBXBuildFile; fileRef = AFD24EF1256F4F6400A4E1D5 /* LaunchScreen.storyboard */; };
		AFD24F09256F4F6400A4E1D5 /* TheMovieAppUITests.swift in Sources */ = {isa = PBXBuildFile; fileRef = AFD24F08256F4F6400A4E1D5 /* TheMovieAppUITests.swift */; };
		AFD24F24256F518D00A4E1D5 /* MainProtocol.swift in Sources */ = {isa = PBXBuildFile; fileRef = AFD24F23256F518D00A4E1D5 /* MainProtocol.swift */; };
		AFD24F29256F527100A4E1D5 /* MainRouter.swift in Sources */ = {isa = PBXBuildFile; fileRef = AFD24F28256F527100A4E1D5 /* MainRouter.swift */; };
		AFD24F36256FA9E600A4E1D5 /* Movie.swift in Sources */ = {isa = PBXBuildFile; fileRef = AFD24F35256FA9E600A4E1D5 /* Movie.swift */; };
		AFD24F3C256FAF4E00A4E1D5 /* DateDecoder.swift in Sources */ = {isa = PBXBuildFile; fileRef = AFD24F3B256FAF4E00A4E1D5 /* DateDecoder.swift */; };
		AFD24F42256FB63A00A4E1D5 /* MovieApi.swift in Sources */ = {isa = PBXBuildFile; fileRef = AFD24F41256FB63A00A4E1D5 /* MovieApi.swift */; };
		AFD24F48256FB69700A4E1D5 /* APIConstants.swift in Sources */ = {isa = PBXBuildFile; fileRef = AFD24F47256FB69700A4E1D5 /* APIConstants.swift */; };
		AFD24F54256FBE7400A4E1D5 /* Alamofire in Frameworks */ = {isa = PBXBuildFile; productRef = AFD24F53256FBE7400A4E1D5 /* Alamofire */; };
		AFD24F5A256FBF1800A4E1D5 /* Kingfisher in Frameworks */ = {isa = PBXBuildFile; productRef = AFD24F59256FBF1800A4E1D5 /* Kingfisher */; };
		AFD24F5F256FC1C700A4E1D5 /* MovieResponse.swift in Sources */ = {isa = PBXBuildFile; fileRef = AFD24F5E256FC1C700A4E1D5 /* MovieResponse.swift */; };
		AFD24F65256FC34300A4E1D5 /* MovieBusiness.swift in Sources */ = {isa = PBXBuildFile; fileRef = AFD24F64256FC34300A4E1D5 /* MovieBusiness.swift */; };
		AFD24F72256FC5F400A4E1D5 /* MainView.swift in Sources */ = {isa = PBXBuildFile; fileRef = AFD24F71256FC5F400A4E1D5 /* MainView.swift */; };
		AFD24F79256FC86200A4E1D5 /* MainServicesProtocols.swift in Sources */ = {isa = PBXBuildFile; fileRef = AFD24F78256FC86200A4E1D5 /* MainServicesProtocols.swift */; };
		AFD5C2DE25710747001D28E1 /* MainRepository.swift in Sources */ = {isa = PBXBuildFile; fileRef = AFD5C2DD25710747001D28E1 /* MainRepository.swift */; };
		AFD5C2E32571088F001D28E1 /* MainInteractor.swift in Sources */ = {isa = PBXBuildFile; fileRef = AFD5C2E22571088F001D28E1 /* MainInteractor.swift */; };
		AFD5C2EB25710E2A001D28E1 /* MainPresenter.swift in Sources */ = {isa = PBXBuildFile; fileRef = AFD5C2EA25710E2A001D28E1 /* MainPresenter.swift */; };
		AFD5C2F02571118C001D28E1 /* MainView.storyboard in Resources */ = {isa = PBXBuildFile; fileRef = AFD5C2EF2571118C001D28E1 /* MainView.storyboard */; };
		AFDA57552571F45B003AE8A3 /* DetailProtocol.swift in Sources */ = {isa = PBXBuildFile; fileRef = AFDA57542571F45B003AE8A3 /* DetailProtocol.swift */; };
		AFDA575A25724A05003AE8A3 /* DetailRouter.swift in Sources */ = {isa = PBXBuildFile; fileRef = AFDA575925724A05003AE8A3 /* DetailRouter.swift */; };
		AFDA575F25724CE8003AE8A3 /* DetailPresenter.swift in Sources */ = {isa = PBXBuildFile; fileRef = AFDA575E25724CE8003AE8A3 /* DetailPresenter.swift */; };
		AFDA576425724F28003AE8A3 /* DetailView.swift in Sources */ = {isa = PBXBuildFile; fileRef = AFDA576325724F28003AE8A3 /* DetailView.swift */; };
		AFDA576925725032003AE8A3 /* DetailView.storyboard in Resources */ = {isa = PBXBuildFile; fileRef = AFDA576825725032003AE8A3 /* DetailView.storyboard */; };
		AFDA579125729C73003AE8A3 /* MovieApiTest.swift in Sources */ = {isa = PBXBuildFile; fileRef = AFDA579025729C73003AE8A3 /* MovieApiTest.swift */; };
		AFDA57A92572A7B3003AE8A3 /* MockMainInteractor.swift in Sources */ = {isa = PBXBuildFile; fileRef = AFDA57A82572A7B3003AE8A3 /* MockMainInteractor.swift */; };
		AFDA57B62572A885003AE8A3 /* MockMainView.swift in Sources */ = {isa = PBXBuildFile; fileRef = AFDA57B52572A885003AE8A3 /* MockMainView.swift */; };
		AFDA57BE2572CC6E003AE8A3 /* MainInteractorTest.swift in Sources */ = {isa = PBXBuildFile; fileRef = AFDA57BD2572CC6E003AE8A3 /* MainInteractorTest.swift */; };
		AFDA57C72572E96B003AE8A3 /* MovieBusinessTest.swift in Sources */ = {isa = PBXBuildFile; fileRef = AFDA57C62572E96B003AE8A3 /* MovieBusinessTest.swift */; };
		AFDA57D22572EB37003AE8A3 /* MovieTest.swift in Sources */ = {isa = PBXBuildFile; fileRef = AFDA57D12572EB37003AE8A3 /* MovieTest.swift */; };
		AFDA57D72572F130003AE8A3 /* MainRouterTest.swift in Sources */ = {isa = PBXBuildFile; fileRef = AFDA57D62572F130003AE8A3 /* MainRouterTest.swift */; };
/* End PBXBuildFile section */

/* Begin PBXContainerItemProxy section */
		AFD24EFA256F4F6400A4E1D5 /* PBXContainerItemProxy */ = {
			isa = PBXContainerItemProxy;
			containerPortal = AFD24EDB256F4F6100A4E1D5 /* Project object */;
			proxyType = 1;
			remoteGlobalIDString = AFD24EE2256F4F6100A4E1D5;
			remoteInfo = TheMovieApp;
		};
		AFD24F05256F4F6400A4E1D5 /* PBXContainerItemProxy */ = {
			isa = PBXContainerItemProxy;
			containerPortal = AFD24EDB256F4F6100A4E1D5 /* Project object */;
			proxyType = 1;
			remoteGlobalIDString = AFD24EE2256F4F6100A4E1D5;
			remoteInfo = TheMovieApp;
		};
/* End PBXContainerItemProxy section */

/* Begin PBXFileReference section */
		AFD24EE3256F4F6100A4E1D5 /* TheMovieApp.app */ = {isa = PBXFileReference; explicitFileType = wrapper.application; includeInIndex = 0; path = TheMovieApp.app; sourceTree = BUILT_PRODUCTS_DIR; };
		AFD24EE6256F4F6100A4E1D5 /* AppDelegate.swift */ = {isa = PBXFileReference; lastKnownFileType = sourcecode.swift; path = AppDelegate.swift; sourceTree = "<group>"; };
		AFD24EEA256F4F6100A4E1D5 /* ViewController.swift */ = {isa = PBXFileReference; lastKnownFileType = sourcecode.swift; path = ViewController.swift; sourceTree = "<group>"; };
		AFD24EED256F4F6100A4E1D5 /* Base */ = {isa = PBXFileReference; lastKnownFileType = file.storyboard; name = Base; path = Base.lproj/Main.storyboard; sourceTree = "<group>"; };
		AFD24EEF256F4F6400A4E1D5 /* Assets.xcassets */ = {isa = PBXFileReference; lastKnownFileType = folder.assetcatalog; path = Assets.xcassets; sourceTree = "<group>"; };
		AFD24EF2256F4F6400A4E1D5 /* Base */ = {isa = PBXFileReference; lastKnownFileType = file.storyboard; name = Base; path = Base.lproj/LaunchScreen.storyboard; sourceTree = "<group>"; };
		AFD24EF4256F4F6400A4E1D5 /* Info.plist */ = {isa = PBXFileReference; lastKnownFileType = text.plist.xml; path = Info.plist; sourceTree = "<group>"; };
		AFD24EF9256F4F6400A4E1D5 /* TheMovieAppTests.xctest */ = {isa = PBXFileReference; explicitFileType = wrapper.cfbundle; includeInIndex = 0; path = TheMovieAppTests.xctest; sourceTree = BUILT_PRODUCTS_DIR; };
		AFD24EFF256F4F6400A4E1D5 /* Info.plist */ = {isa = PBXFileReference; lastKnownFileType = text.plist.xml; path = Info.plist; sourceTree = "<group>"; };
		AFD24F04256F4F6400A4E1D5 /* TheMovieAppUITests.xctest */ = {isa = PBXFileReference; explicitFileType = wrapper.cfbundle; includeInIndex = 0; path = TheMovieAppUITests.xctest; sourceTree = BUILT_PRODUCTS_DIR; };
		AFD24F08256F4F6400A4E1D5 /* TheMovieAppUITests.swift */ = {isa = PBXFileReference; lastKnownFileType = sourcecode.swift; path = TheMovieAppUITests.swift; sourceTree = "<group>"; };
		AFD24F0A256F4F6400A4E1D5 /* Info.plist */ = {isa = PBXFileReference; lastKnownFileType = text.plist.xml; path = Info.plist; sourceTree = "<group>"; };
		AFD24F23256F518D00A4E1D5 /* MainProtocol.swift */ = {isa = PBXFileReference; lastKnownFileType = sourcecode.swift; path = MainProtocol.swift; sourceTree = "<group>"; };
		AFD24F28256F527100A4E1D5 /* MainRouter.swift */ = {isa = PBXFileReference; lastKnownFileType = sourcecode.swift; path = MainRouter.swift; sourceTree = "<group>"; };
		AFD24F35256FA9E600A4E1D5 /* Movie.swift */ = {isa = PBXFileReference; lastKnownFileType = sourcecode.swift; path = Movie.swift; sourceTree = "<group>"; };
		AFD24F3B256FAF4E00A4E1D5 /* DateDecoder.swift */ = {isa = PBXFileReference; lastKnownFileType = sourcecode.swift; path = DateDecoder.swift; sourceTree = "<group>"; };
		AFD24F41256FB63A00A4E1D5 /* MovieApi.swift */ = {isa = PBXFileReference; lastKnownFileType = sourcecode.swift; path = MovieApi.swift; sourceTree = "<group>"; };
		AFD24F47256FB69700A4E1D5 /* APIConstants.swift */ = {isa = PBXFileReference; lastKnownFileType = sourcecode.swift; path = APIConstants.swift; sourceTree = "<group>"; };
		AFD24F5E256FC1C700A4E1D5 /* MovieResponse.swift */ = {isa = PBXFileReference; lastKnownFileType = sourcecode.swift; path = MovieResponse.swift; sourceTree = "<group>"; };
		AFD24F64256FC34300A4E1D5 /* MovieBusiness.swift */ = {isa = PBXFileReference; lastKnownFileType = sourcecode.swift; path = MovieBusiness.swift; sourceTree = "<group>"; };
		AFD24F71256FC5F400A4E1D5 /* MainView.swift */ = {isa = PBXFileReference; lastKnownFileType = sourcecode.swift; path = MainView.swift; sourceTree = "<group>"; };
		AFD24F78256FC86200A4E1D5 /* MainServicesProtocols.swift */ = {isa = PBXFileReference; lastKnownFileType = sourcecode.swift; path = MainServicesProtocols.swift; sourceTree = "<group>"; };
		AFD5C2DD25710747001D28E1 /* MainRepository.swift */ = {isa = PBXFileReference; lastKnownFileType = sourcecode.swift; path = MainRepository.swift; sourceTree = "<group>"; };
		AFD5C2E22571088F001D28E1 /* MainInteractor.swift */ = {isa = PBXFileReference; lastKnownFileType = sourcecode.swift; path = MainInteractor.swift; sourceTree = "<group>"; };
		AFD5C2EA25710E2A001D28E1 /* MainPresenter.swift */ = {isa = PBXFileReference; lastKnownFileType = sourcecode.swift; path = MainPresenter.swift; sourceTree = "<group>"; };
		AFD5C2EF2571118C001D28E1 /* MainView.storyboard */ = {isa = PBXFileReference; lastKnownFileType = file.storyboard; path = MainView.storyboard; sourceTree = "<group>"; };
		AFDA57542571F45B003AE8A3 /* DetailProtocol.swift */ = {isa = PBXFileReference; lastKnownFileType = sourcecode.swift; path = DetailProtocol.swift; sourceTree = "<group>"; };
		AFDA575925724A05003AE8A3 /* DetailRouter.swift */ = {isa = PBXFileReference; lastKnownFileType = sourcecode.swift; path = DetailRouter.swift; sourceTree = "<group>"; };
		AFDA575E25724CE8003AE8A3 /* DetailPresenter.swift */ = {isa = PBXFileReference; lastKnownFileType = sourcecode.swift; path = DetailPresenter.swift; sourceTree = "<group>"; };
		AFDA576325724F28003AE8A3 /* DetailView.swift */ = {isa = PBXFileReference; lastKnownFileType = sourcecode.swift; path = DetailView.swift; sourceTree = "<group>"; };
		AFDA576825725032003AE8A3 /* DetailView.storyboard */ = {isa = PBXFileReference; lastKnownFileType = file.storyboard; path = DetailView.storyboard; sourceTree = "<group>"; };
		AFDA579025729C73003AE8A3 /* MovieApiTest.swift */ = {isa = PBXFileReference; lastKnownFileType = sourcecode.swift; path = MovieApiTest.swift; sourceTree = "<group>"; };
		AFDA57A82572A7B3003AE8A3 /* MockMainInteractor.swift */ = {isa = PBXFileReference; lastKnownFileType = sourcecode.swift; path = MockMainInteractor.swift; sourceTree = "<group>"; };
		AFDA57B52572A885003AE8A3 /* MockMainView.swift */ = {isa = PBXFileReference; lastKnownFileType = sourcecode.swift; path = MockMainView.swift; sourceTree = "<group>"; };
		AFDA57BD2572CC6E003AE8A3 /* MainInteractorTest.swift */ = {isa = PBXFileReference; lastKnownFileType = sourcecode.swift; path = MainInteractorTest.swift; sourceTree = "<group>"; };
		AFDA57C62572E96B003AE8A3 /* MovieBusinessTest.swift */ = {isa = PBXFileReference; lastKnownFileType = sourcecode.swift; path = MovieBusinessTest.swift; sourceTree = "<group>"; };
		AFDA57D12572EB37003AE8A3 /* MovieTest.swift */ = {isa = PBXFileReference; lastKnownFileType = sourcecode.swift; path = MovieTest.swift; sourceTree = "<group>"; };
		AFDA57D62572F130003AE8A3 /* MainRouterTest.swift */ = {isa = PBXFileReference; lastKnownFileType = sourcecode.swift; path = MainRouterTest.swift; sourceTree = "<group>"; };
/* End PBXFileReference section */

/* Begin PBXFrameworksBuildPhase section */
		AFD24EE0256F4F6100A4E1D5 /* Frameworks */ = {
			isa = PBXFrameworksBuildPhase;
			buildActionMask = 2147483647;
			files = (
				AFD24F5A256FBF1800A4E1D5 /* Kingfisher in Frameworks */,
				AFD24F54256FBE7400A4E1D5 /* Alamofire in Frameworks */,
			);
			runOnlyForDeploymentPostprocessing = 0;
		};
		AFD24EF6256F4F6400A4E1D5 /* Frameworks */ = {
			isa = PBXFrameworksBuildPhase;
			buildActionMask = 2147483647;
			files = (
			);
			runOnlyForDeploymentPostprocessing = 0;
		};
		AFD24F01256F4F6400A4E1D5 /* Frameworks */ = {
			isa = PBXFrameworksBuildPhase;
			buildActionMask = 2147483647;
			files = (
			);
			runOnlyForDeploymentPostprocessing = 0;
		};
/* End PBXFrameworksBuildPhase section */

/* Begin PBXGroup section */
		AFD24EDA256F4F6100A4E1D5 = {
			isa = PBXGroup;
			children = (
				AFD24EE5256F4F6100A4E1D5 /* TheMovieApp */,
				AFD24EFC256F4F6400A4E1D5 /* TheMovieAppTests */,
				AFD24F07256F4F6400A4E1D5 /* TheMovieAppUITests */,
				AFD24EE4256F4F6100A4E1D5 /* Products */,
			);
			sourceTree = "<group>";
		};
		AFD24EE4256F4F6100A4E1D5 /* Products */ = {
			isa = PBXGroup;
			children = (
				AFD24EE3256F4F6100A4E1D5 /* TheMovieApp.app */,
				AFD24EF9256F4F6400A4E1D5 /* TheMovieAppTests.xctest */,
				AFD24F04256F4F6400A4E1D5 /* TheMovieAppUITests.xctest */,
			);
			name = Products;
			sourceTree = "<group>";
		};
		AFD24EE5256F4F6100A4E1D5 /* TheMovieApp */ = {
			isa = PBXGroup;
			children = (
				AFD24F40256FB60200A4E1D5 /* Services */,
				AFD24F2D256FA8F500A4E1D5 /* model */,
				AFD24F1F256F507100A4E1D5 /* sections */,
				AFD24EE6256F4F6100A4E1D5 /* AppDelegate.swift */,
				AFD24EEA256F4F6100A4E1D5 /* ViewController.swift */,
				AFD24EEC256F4F6100A4E1D5 /* Main.storyboard */,
				AFD24EEF256F4F6400A4E1D5 /* Assets.xcassets */,
				AFD24EF1256F4F6400A4E1D5 /* LaunchScreen.storyboard */,
				AFD24EF4256F4F6400A4E1D5 /* Info.plist */,
			);
			path = TheMovieApp;
			sourceTree = "<group>";
		};
		AFD24EFC256F4F6400A4E1D5 /* TheMovieAppTests */ = {
			isa = PBXGroup;
			children = (
				AFDA578F25729C43003AE8A3 /* Services */,
				AFDA57C32572E918003AE8A3 /* model */,
				AFDA57C22572E8EE003AE8A3 /* sections */,
				AFD24EFF256F4F6400A4E1D5 /* Info.plist */,
			);
			path = TheMovieAppTests;
			sourceTree = "<group>";
		};
		AFD24F07256F4F6400A4E1D5 /* TheMovieAppUITests */ = {
			isa = PBXGroup;
			children = (
				AFD24F08256F4F6400A4E1D5 /* TheMovieAppUITests.swift */,
				AFD24F0A256F4F6400A4E1D5 /* Info.plist */,
			);
			path = TheMovieAppUITests;
			sourceTree = "<group>";
		};
		AFD24F1F256F507100A4E1D5 /* sections */ = {
			isa = PBXGroup;
			children = (
				AFD24F20256F508A00A4E1D5 /* home */,
			);
			path = sections;
			sourceTree = "<group>";
		};
		AFD24F20256F508A00A4E1D5 /* home */ = {
			isa = PBXGroup;
			children = (
				AFD24F21256F509C00A4E1D5 /* main */,
				AFD24F22256F50AA00A4E1D5 /* detail */,
			);
			path = home;
			sourceTree = "<group>";
		};
		AFD24F21256F509C00A4E1D5 /* main */ = {
			isa = PBXGroup;
			children = (
				AFD24F71256FC5F400A4E1D5 /* MainView.swift */,
				AFD5C2EF2571118C001D28E1 /* MainView.storyboard */,
				AFD5C2EA25710E2A001D28E1 /* MainPresenter.swift */,
				AFD5C2E22571088F001D28E1 /* MainInteractor.swift */,
				AFD5C2DD25710747001D28E1 /* MainRepository.swift */,
				AFD24F28256F527100A4E1D5 /* MainRouter.swift */,
				AFD24F23256F518D00A4E1D5 /* MainProtocol.swift */,
			);
			path = main;
			sourceTree = "<group>";
		};
		AFD24F22256F50AA00A4E1D5 /* detail */ = {
			isa = PBXGroup;
			children = (
				AFDA576325724F28003AE8A3 /* DetailView.swift */,
				AFDA576825725032003AE8A3 /* DetailView.storyboard */,
				AFDA575E25724CE8003AE8A3 /* DetailPresenter.swift */,
				AFDA575925724A05003AE8A3 /* DetailRouter.swift */,
				AFDA57542571F45B003AE8A3 /* DetailProtocol.swift */,
			);
			path = detail;
			sourceTree = "<group>";
		};
		AFD24F2D256FA8F500A4E1D5 /* model */ = {
			isa = PBXGroup;
			children = (
				AFD24F63256FC30D00A4E1D5 /* business */,
				AFD24F2E256FA91600A4E1D5 /* data */,
			);
			path = model;
			sourceTree = "<group>";
		};
		AFD24F2E256FA91600A4E1D5 /* data */ = {
			isa = PBXGroup;
			children = (
				AFD24F3A256FAF3400A4E1D5 /* decoder */,
				AFD24F5E256FC1C700A4E1D5 /* MovieResponse.swift */,
				AFD24F35256FA9E600A4E1D5 /* Movie.swift */,
			);
			path = data;
			sourceTree = "<group>";
		};
		AFD24F3A256FAF3400A4E1D5 /* decoder */ = {
			isa = PBXGroup;
			children = (
				AFD24F3B256FAF4E00A4E1D5 /* DateDecoder.swift */,
			);
			path = decoder;
			sourceTree = "<group>";
		};
		AFD24F40256FB60200A4E1D5 /* Services */ = {
			isa = PBXGroup;
			children = (
				AFD24F76256FC80300A4E1D5 /* protocols */,
				AFD24F46256FB66D00A4E1D5 /* Utils */,
				AFD24F41256FB63A00A4E1D5 /* MovieApi.swift */,
			);
			path = Services;
			sourceTree = "<group>";
		};
		AFD24F46256FB66D00A4E1D5 /* Utils */ = {
			isa = PBXGroup;
			children = (
				AFD24F47256FB69700A4E1D5 /* APIConstants.swift */,
			);
			path = Utils;
			sourceTree = "<group>";
		};
		AFD24F63256FC30D00A4E1D5 /* business */ = {
			isa = PBXGroup;
			children = (
				AFD24F64256FC34300A4E1D5 /* MovieBusiness.swift */,
			);
			path = business;
			sourceTree = "<group>";
		};
		AFD24F76256FC80300A4E1D5 /* protocols */ = {
			isa = PBXGroup;
			children = (
				AFD24F78256FC86200A4E1D5 /* MainServicesProtocols.swift */,
			);
			path = protocols;
			sourceTree = "<group>";
		};
		AFDA5785257292F6003AE8A3 /* home */ = {
			isa = PBXGroup;
			children = (
				AFDA57A72572A776003AE8A3 /* mainMock */,
				AFDA57862572932D003AE8A3 /* main */,
			);
			path = home;
			sourceTree = "<group>";
		};
		AFDA57862572932D003AE8A3 /* main */ = {
			isa = PBXGroup;
			children = (
				AFDA57BD2572CC6E003AE8A3 /* MainInteractorTest.swift */,
				AFDA57D62572F130003AE8A3 /* MainRouterTest.swift */,
			);
			path = main;
			sourceTree = "<group>";
		};
		AFDA578F25729C43003AE8A3 /* Services */ = {
			isa = PBXGroup;
			children = (
				AFDA579025729C73003AE8A3 /* MovieApiTest.swift */,
			);
			path = Services;
			sourceTree = "<group>";
		};
		AFDA57A72572A776003AE8A3 /* mainMock */ = {
			isa = PBXGroup;
			children = (
				AFDA57B52572A885003AE8A3 /* MockMainView.swift */,
				AFDA57A82572A7B3003AE8A3 /* MockMainInteractor.swift */,
			);
			path = mainMock;
			sourceTree = "<group>";
		};
		AFDA57C22572E8EE003AE8A3 /* sections */ = {
			isa = PBXGroup;
			children = (
				AFDA5785257292F6003AE8A3 /* home */,
			);
			path = sections;
			sourceTree = "<group>";
		};
		AFDA57C32572E918003AE8A3 /* model */ = {
			isa = PBXGroup;
			children = (
				AFDA57C42572E92E003AE8A3 /* business */,
				AFDA57C52572E93D003AE8A3 /* data */,
			);
			path = model;
			sourceTree = "<group>";
		};
		AFDA57C42572E92E003AE8A3 /* business */ = {
			isa = PBXGroup;
			children = (
				AFDA57C62572E96B003AE8A3 /* MovieBusinessTest.swift */,
			);
			path = business;
			sourceTree = "<group>";
		};
		AFDA57C52572E93D003AE8A3 /* data */ = {
			isa = PBXGroup;
			children = (
				AFDA57D12572EB37003AE8A3 /* MovieTest.swift */,
			);
			path = data;
			sourceTree = "<group>";
		};
/* End PBXGroup section */

/* Begin PBXNativeTarget section */
		AFD24EE2256F4F6100A4E1D5 /* TheMovieApp */ = {
			isa = PBXNativeTarget;
			buildConfigurationList = AFD24F0D256F4F6400A4E1D5 /* Build configuration list for PBXNativeTarget "TheMovieApp" */;
			buildPhases = (
				AFD24EDF256F4F6100A4E1D5 /* Sources */,
				AFD24EE0256F4F6100A4E1D5 /* Frameworks */,
				AFD24EE1256F4F6100A4E1D5 /* Resources */,
			);
			buildRules = (
			);
			dependencies = (
			);
			name = TheMovieApp;
			packageProductDependencies = (
				AFD24F53256FBE7400A4E1D5 /* Alamofire */,
				AFD24F59256FBF1800A4E1D5 /* Kingfisher */,
			);
			productName = TheMovieApp;
			productReference = AFD24EE3256F4F6100A4E1D5 /* TheMovieApp.app */;
			productType = "com.apple.product-type.application";
		};
		AFD24EF8256F4F6400A4E1D5 /* TheMovieAppTests */ = {
			isa = PBXNativeTarget;
			buildConfigurationList = AFD24F10256F4F6400A4E1D5 /* Build configuration list for PBXNativeTarget "TheMovieAppTests" */;
			buildPhases = (
				AFD24EF5256F4F6400A4E1D5 /* Sources */,
				AFD24EF6256F4F6400A4E1D5 /* Frameworks */,
				AFD24EF7256F4F6400A4E1D5 /* Resources */,
			);
			buildRules = (
			);
			dependencies = (
				AFD24EFB256F4F6400A4E1D5 /* PBXTargetDependency */,
			);
			name = TheMovieAppTests;
			productName = TheMovieAppTests;
			productReference = AFD24EF9256F4F6400A4E1D5 /* TheMovieAppTests.xctest */;
			productType = "com.apple.product-type.bundle.unit-test";
		};
		AFD24F03256F4F6400A4E1D5 /* TheMovieAppUITests */ = {
			isa = PBXNativeTarget;
			buildConfigurationList = AFD24F13256F4F6400A4E1D5 /* Build configuration list for PBXNativeTarget "TheMovieAppUITests" */;
			buildPhases = (
				AFD24F00256F4F6400A4E1D5 /* Sources */,
				AFD24F01256F4F6400A4E1D5 /* Frameworks */,
				AFD24F02256F4F6400A4E1D5 /* Resources */,
			);
			buildRules = (
			);
			dependencies = (
				AFD24F06256F4F6400A4E1D5 /* PBXTargetDependency */,
			);
			name = TheMovieAppUITests;
			productName = TheMovieAppUITests;
			productReference = AFD24F04256F4F6400A4E1D5 /* TheMovieAppUITests.xctest */;
			productType = "com.apple.product-type.bundle.ui-testing";
		};
/* End PBXNativeTarget section */

/* Begin PBXProject section */
		AFD24EDB256F4F6100A4E1D5 /* Project object */ = {
			isa = PBXProject;
			attributes = {
				LastSwiftUpdateCheck = 1220;
				LastUpgradeCheck = 1220;
				TargetAttributes = {
					AFD24EE2256F4F6100A4E1D5 = {
						CreatedOnToolsVersion = 12.2;
					};
					AFD24EF8256F4F6400A4E1D5 = {
						CreatedOnToolsVersion = 12.2;
						TestTargetID = AFD24EE2256F4F6100A4E1D5;
					};
					AFD24F03256F4F6400A4E1D5 = {
						CreatedOnToolsVersion = 12.2;
						TestTargetID = AFD24EE2256F4F6100A4E1D5;
					};
				};
			};
			buildConfigurationList = AFD24EDE256F4F6100A4E1D5 /* Build configuration list for PBXProject "TheMovieApp" */;
			compatibilityVersion = "Xcode 9.3";
			developmentRegion = en;
			hasScannedForEncodings = 0;
			knownRegions = (
				en,
				Base,
			);
			mainGroup = AFD24EDA256F4F6100A4E1D5;
			packageReferences = (
				AFD24F52256FBE7400A4E1D5 /* XCRemoteSwiftPackageReference "Alamofire" */,
				AFD24F58256FBF1800A4E1D5 /* XCRemoteSwiftPackageReference "Kingfisher" */,
			);
			productRefGroup = AFD24EE4256F4F6100A4E1D5 /* Products */;
			projectDirPath = "";
			projectRoot = "";
			targets = (
				AFD24EE2256F4F6100A4E1D5 /* TheMovieApp */,
				AFD24EF8256F4F6400A4E1D5 /* TheMovieAppTests */,
				AFD24F03256F4F6400A4E1D5 /* TheMovieAppUITests */,
			);
		};
/* End PBXProject section */

/* Begin PBXResourcesBuildPhase section */
		AFD24EE1256F4F6100A4E1D5 /* Resources */ = {
			isa = PBXResourcesBuildPhase;
			buildActionMask = 2147483647;
			files = (
				AFD24EF3256F4F6400A4E1D5 /* LaunchScreen.storyboard in Resources */,
				AFD24EF0256F4F6400A4E1D5 /* Assets.xcassets in Resources */,
				AFD5C2F02571118C001D28E1 /* MainView.storyboard in Resources */,
				AFDA576925725032003AE8A3 /* DetailView.storyboard in Resources */,
				AFD24EEE256F4F6100A4E1D5 /* Main.storyboard in Resources */,
			);
			runOnlyForDeploymentPostprocessing = 0;
		};
		AFD24EF7256F4F6400A4E1D5 /* Resources */ = {
			isa = PBXResourcesBuildPhase;
			buildActionMask = 2147483647;
			files = (
			);
			runOnlyForDeploymentPostprocessing = 0;
		};
		AFD24F02256F4F6400A4E1D5 /* Resources */ = {
			isa = PBXResourcesBuildPhase;
			buildActionMask = 2147483647;
			files = (
			);
			runOnlyForDeploymentPostprocessing = 0;
		};
/* End PBXResourcesBuildPhase section */

/* Begin PBXSourcesBuildPhase section */
		AFD24EDF256F4F6100A4E1D5 /* Sources */ = {
			isa = PBXSourcesBuildPhase;
			buildActionMask = 2147483647;
			files = (
				AFD5C2DE25710747001D28E1 /* MainRepository.swift in Sources */,
				AFD24F79256FC86200A4E1D5 /* MainServicesProtocols.swift in Sources */,
				AFD24F65256FC34300A4E1D5 /* MovieBusiness.swift in Sources */,
				AFD24EEB256F4F6100A4E1D5 /* ViewController.swift in Sources */,
				AFDA57552571F45B003AE8A3 /* DetailProtocol.swift in Sources */,
				AFD24F29256F527100A4E1D5 /* MainRouter.swift in Sources */,
				AFD24EE7256F4F6100A4E1D5 /* AppDelegate.swift in Sources */,
				AFD24F24256F518D00A4E1D5 /* MainProtocol.swift in Sources */,
				AFD5C2E32571088F001D28E1 /* MainInteractor.swift in Sources */,
				AFD24F3C256FAF4E00A4E1D5 /* DateDecoder.swift in Sources */,
				AFD24F36256FA9E600A4E1D5 /* Movie.swift in Sources */,
				AFDA575F25724CE8003AE8A3 /* DetailPresenter.swift in Sources */,
				AFD5C2EB25710E2A001D28E1 /* MainPresenter.swift in Sources */,
				AFD24F72256FC5F400A4E1D5 /* MainView.swift in Sources */,
				AFD24F5F256FC1C700A4E1D5 /* MovieResponse.swift in Sources */,
				AFDA575A25724A05003AE8A3 /* DetailRouter.swift in Sources */,
				AFDA576425724F28003AE8A3 /* DetailView.swift in Sources */,
				AFD24F42256FB63A00A4E1D5 /* MovieApi.swift in Sources */,
				AFD24F48256FB69700A4E1D5 /* APIConstants.swift in Sources */,
			);
			runOnlyForDeploymentPostprocessing = 0;
		};
		AFD24EF5256F4F6400A4E1D5 /* Sources */ = {
			isa = PBXSourcesBuildPhase;
			buildActionMask = 2147483647;
			files = (
				AFDA579125729C73003AE8A3 /* MovieApiTest.swift in Sources */,
				AFDA57BE2572CC6E003AE8A3 /* MainInteractorTest.swift in Sources */,
				AFDA57B62572A885003AE8A3 /* MockMainView.swift in Sources */,
				AFDA57C72572E96B003AE8A3 /* MovieBusinessTest.swift in Sources */,
				AFDA57D22572EB37003AE8A3 /* MovieTest.swift in Sources */,
				AFDA57A92572A7B3003AE8A3 /* MockMainInteractor.swift in Sources */,
				AFDA57D72572F130003AE8A3 /* MainRouterTest.swift in Sources */,
			);
			runOnlyForDeploymentPostprocessing = 0;
		};
		AFD24F00256F4F6400A4E1D5 /* Sources */ = {
			isa = PBXSourcesBuildPhase;
			buildActionMask = 2147483647;
			files = (
				AFD24F09256F4F6400A4E1D5 /* TheMovieAppUITests.swift in Sources */,
			);
			runOnlyForDeploymentPostprocessing = 0;
		};
/* End PBXSourcesBuildPhase section */

/* Begin PBXTargetDependency section */
		AFD24EFB256F4F6400A4E1D5 /* PBXTargetDependency */ = {
			isa = PBXTargetDependency;
			target = AFD24EE2256F4F6100A4E1D5 /* TheMovieApp */;
			targetProxy = AFD24EFA256F4F6400A4E1D5 /* PBXContainerItemProxy */;
		};
		AFD24F06256F4F6400A4E1D5 /* PBXTargetDependency */ = {
			isa = PBXTargetDependency;
			target = AFD24EE2256F4F6100A4E1D5 /* TheMovieApp */;
			targetProxy = AFD24F05256F4F6400A4E1D5 /* PBXContainerItemProxy */;
		};
/* End PBXTargetDependency section */

/* Begin PBXVariantGroup section */
		AFD24EEC256F4F6100A4E1D5 /* Main.storyboard */ = {
			isa = PBXVariantGroup;
			children = (
				AFD24EED256F4F6100A4E1D5 /* Base */,
			);
			name = Main.storyboard;
			sourceTree = "<group>";
		};
		AFD24EF1256F4F6400A4E1D5 /* LaunchScreen.storyboard */ = {
			isa = PBXVariantGroup;
			children = (
				AFD24EF2256F4F6400A4E1D5 /* Base */,
			);
			name = LaunchScreen.storyboard;
			sourceTree = "<group>";
		};
/* End PBXVariantGroup section */

/* Begin XCBuildConfiguration section */
		AFD24F0B256F4F6400A4E1D5 /* Debug */ = {
			isa = XCBuildConfiguration;
			buildSettings = {
				ALWAYS_SEARCH_USER_PATHS = NO;
				CLANG_ANALYZER_NONNULL = YES;
				CLANG_ANALYZER_NUMBER_OBJECT_CONVERSION = YES_AGGRESSIVE;
				CLANG_CXX_LANGUAGE_STANDARD = "gnu++14";
				CLANG_CXX_LIBRARY = "libc++";
				CLANG_ENABLE_MODULES = YES;
				CLANG_ENABLE_OBJC_ARC = YES;
				CLANG_ENABLE_OBJC_WEAK = YES;
				CLANG_WARN_BLOCK_CAPTURE_AUTORELEASING = YES;
				CLANG_WARN_BOOL_CONVERSION = YES;
				CLANG_WARN_COMMA = YES;
				CLANG_WARN_CONSTANT_CONVERSION = YES;
				CLANG_WARN_DEPRECATED_OBJC_IMPLEMENTATIONS = YES;
				CLANG_WARN_DIRECT_OBJC_ISA_USAGE = YES_ERROR;
				CLANG_WARN_DOCUMENTATION_COMMENTS = YES;
				CLANG_WARN_EMPTY_BODY = YES;
				CLANG_WARN_ENUM_CONVERSION = YES;
				CLANG_WARN_INFINITE_RECURSION = YES;
				CLANG_WARN_INT_CONVERSION = YES;
				CLANG_WARN_NON_LITERAL_NULL_CONVERSION = YES;
				CLANG_WARN_OBJC_IMPLICIT_RETAIN_SELF = YES;
				CLANG_WARN_OBJC_LITERAL_CONVERSION = YES;
				CLANG_WARN_OBJC_ROOT_CLASS = YES_ERROR;
				CLANG_WARN_QUOTED_INCLUDE_IN_FRAMEWORK_HEADER = YES;
				CLANG_WARN_RANGE_LOOP_ANALYSIS = YES;
				CLANG_WARN_STRICT_PROTOTYPES = YES;
				CLANG_WARN_SUSPICIOUS_MOVE = YES;
				CLANG_WARN_UNGUARDED_AVAILABILITY = YES_AGGRESSIVE;
				CLANG_WARN_UNREACHABLE_CODE = YES;
				CLANG_WARN__DUPLICATE_METHOD_MATCH = YES;
				COPY_PHASE_STRIP = NO;
				DEBUG_INFORMATION_FORMAT = dwarf;
				ENABLE_STRICT_OBJC_MSGSEND = YES;
				ENABLE_TESTABILITY = YES;
				GCC_C_LANGUAGE_STANDARD = gnu11;
				GCC_DYNAMIC_NO_PIC = NO;
				GCC_NO_COMMON_BLOCKS = YES;
				GCC_OPTIMIZATION_LEVEL = 0;
				GCC_PREPROCESSOR_DEFINITIONS = (
					"DEBUG=1",
					"$(inherited)",
				);
				GCC_WARN_64_TO_32_BIT_CONVERSION = YES;
				GCC_WARN_ABOUT_RETURN_TYPE = YES_ERROR;
				GCC_WARN_UNDECLARED_SELECTOR = YES;
				GCC_WARN_UNINITIALIZED_AUTOS = YES_AGGRESSIVE;
				GCC_WARN_UNUSED_FUNCTION = YES;
				GCC_WARN_UNUSED_VARIABLE = YES;
				IPHONEOS_DEPLOYMENT_TARGET = 11.0;
				MTL_ENABLE_DEBUG_INFO = INCLUDE_SOURCE;
				MTL_FAST_MATH = YES;
				ONLY_ACTIVE_ARCH = YES;
				SDKROOT = iphoneos;
				SWIFT_ACTIVE_COMPILATION_CONDITIONS = DEBUG;
				SWIFT_OPTIMIZATION_LEVEL = "-Onone";
				SWIFT_VERSION = 5.0;
			};
			name = Debug;
		};
		AFD24F0C256F4F6400A4E1D5 /* Release */ = {
			isa = XCBuildConfiguration;
			buildSettings = {
				ALWAYS_SEARCH_USER_PATHS = NO;
				CLANG_ANALYZER_NONNULL = YES;
				CLANG_ANALYZER_NUMBER_OBJECT_CONVERSION = YES_AGGRESSIVE;
				CLANG_CXX_LANGUAGE_STANDARD = "gnu++14";
				CLANG_CXX_LIBRARY = "libc++";
				CLANG_ENABLE_MODULES = YES;
				CLANG_ENABLE_OBJC_ARC = YES;
				CLANG_ENABLE_OBJC_WEAK = YES;
				CLANG_WARN_BLOCK_CAPTURE_AUTORELEASING = YES;
				CLANG_WARN_BOOL_CONVERSION = YES;
				CLANG_WARN_COMMA = YES;
				CLANG_WARN_CONSTANT_CONVERSION = YES;
				CLANG_WARN_DEPRECATED_OBJC_IMPLEMENTATIONS = YES;
				CLANG_WARN_DIRECT_OBJC_ISA_USAGE = YES_ERROR;
				CLANG_WARN_DOCUMENTATION_COMMENTS = YES;
				CLANG_WARN_EMPTY_BODY = YES;
				CLANG_WARN_ENUM_CONVERSION = YES;
				CLANG_WARN_INFINITE_RECURSION = YES;
				CLANG_WARN_INT_CONVERSION = YES;
				CLANG_WARN_NON_LITERAL_NULL_CONVERSION = YES;
				CLANG_WARN_OBJC_IMPLICIT_RETAIN_SELF = YES;
				CLANG_WARN_OBJC_LITERAL_CONVERSION = YES;
				CLANG_WARN_OBJC_ROOT_CLASS = YES_ERROR;
				CLANG_WARN_QUOTED_INCLUDE_IN_FRAMEWORK_HEADER = YES;
				CLANG_WARN_RANGE_LOOP_ANALYSIS = YES;
				CLANG_WARN_STRICT_PROTOTYPES = YES;
				CLANG_WARN_SUSPICIOUS_MOVE = YES;
				CLANG_WARN_UNGUARDED_AVAILABILITY = YES_AGGRESSIVE;
				CLANG_WARN_UNREACHABLE_CODE = YES;
				CLANG_WARN__DUPLICATE_METHOD_MATCH = YES;
				COPY_PHASE_STRIP = NO;
				DEBUG_INFORMATION_FORMAT = "dwarf-with-dsym";
				ENABLE_NS_ASSERTIONS = NO;
				ENABLE_STRICT_OBJC_MSGSEND = YES;
				GCC_C_LANGUAGE_STANDARD = gnu11;
				GCC_NO_COMMON_BLOCKS = YES;
				GCC_WARN_64_TO_32_BIT_CONVERSION = YES;
				GCC_WARN_ABOUT_RETURN_TYPE = YES_ERROR;
				GCC_WARN_UNDECLARED_SELECTOR = YES;
				GCC_WARN_UNINITIALIZED_AUTOS = YES_AGGRESSIVE;
				GCC_WARN_UNUSED_FUNCTION = YES;
				GCC_WARN_UNUSED_VARIABLE = YES;
				IPHONEOS_DEPLOYMENT_TARGET = 11.0;
				MTL_ENABLE_DEBUG_INFO = NO;
				MTL_FAST_MATH = YES;
				SDKROOT = iphoneos;
				SWIFT_COMPILATION_MODE = wholemodule;
				SWIFT_OPTIMIZATION_LEVEL = "-O";
				SWIFT_VERSION = 5.0;
				VALIDATE_PRODUCT = YES;
			};
			name = Release;
		};
		AFD24F0E256F4F6400A4E1D5 /* Debug */ = {
			isa = XCBuildConfiguration;
			buildSettings = {
				ASSETCATALOG_COMPILER_APPICON_NAME = AppIcon;
				ASSETCATALOG_COMPILER_GLOBAL_ACCENT_COLOR_NAME = AccentColor;
				CODE_SIGN_STYLE = Automatic;
				DEVELOPMENT_TEAM = 6GD6X7TMPV;
				INFOPLIST_FILE = TheMovieApp/Info.plist;
				IPHONEOS_DEPLOYMENT_TARGET = 11.0;
				LD_RUNPATH_SEARCH_PATHS = (
					"$(inherited)",
					"@executable_path/Frameworks",
				);
				PRODUCT_BUNDLE_IDENTIFIER = com.nostrumsoftware.TheMovieApp;
				PRODUCT_NAME = "$(TARGET_NAME)";
				SWIFT_VERSION = 5.0;
				TARGETED_DEVICE_FAMILY = 1;
			};
			name = Debug;
		};
		AFD24F0F256F4F6400A4E1D5 /* Release */ = {
			isa = XCBuildConfiguration;
			buildSettings = {
				ASSETCATALOG_COMPILER_APPICON_NAME = AppIcon;
				ASSETCATALOG_COMPILER_GLOBAL_ACCENT_COLOR_NAME = AccentColor;
				CODE_SIGN_STYLE = Automatic;
				DEVELOPMENT_TEAM = 6GD6X7TMPV;
				INFOPLIST_FILE = TheMovieApp/Info.plist;
				IPHONEOS_DEPLOYMENT_TARGET = 11.0;
				LD_RUNPATH_SEARCH_PATHS = (
					"$(inherited)",
					"@executable_path/Frameworks",
				);
				PRODUCT_BUNDLE_IDENTIFIER = com.nostrumsoftware.TheMovieApp;
				PRODUCT_NAME = "$(TARGET_NAME)";
				SWIFT_VERSION = 5.0;
				TARGETED_DEVICE_FAMILY = 1;
			};
			name = Release;
		};
		AFD24F11256F4F6400A4E1D5 /* Debug */ = {
			isa = XCBuildConfiguration;
			buildSettings = {
				ALWAYS_EMBED_SWIFT_STANDARD_LIBRARIES = YES;
				BUNDLE_LOADER = "$(TEST_HOST)";
				CODE_SIGN_STYLE = Automatic;
				DEVELOPMENT_TEAM = 6GD6X7TMPV;
				INFOPLIST_FILE = TheMovieAppTests/Info.plist;
				IPHONEOS_DEPLOYMENT_TARGET = 11.0;
				LD_RUNPATH_SEARCH_PATHS = (
					"$(inherited)",
					"@executable_path/Frameworks",
					"@loader_path/Frameworks",
				);
				PRODUCT_BUNDLE_IDENTIFIER = com.nostrumsoftware.TheMovieAppTests;
				PRODUCT_NAME = "$(TARGET_NAME)";
				SWIFT_VERSION = 5.0;
				TARGETED_DEVICE_FAMILY = "1,2";
				TEST_HOST = "$(BUILT_PRODUCTS_DIR)/TheMovieApp.app/TheMovieApp";
			};
			name = Debug;
		};
		AFD24F12256F4F6400A4E1D5 /* Release */ = {
			isa = XCBuildConfiguration;
			buildSettings = {
				ALWAYS_EMBED_SWIFT_STANDARD_LIBRARIES = YES;
				BUNDLE_LOADER = "$(TEST_HOST)";
				CODE_SIGN_STYLE = Automatic;
				DEVELOPMENT_TEAM = 6GD6X7TMPV;
				INFOPLIST_FILE = TheMovieAppTests/Info.plist;
				IPHONEOS_DEPLOYMENT_TARGET = 11.0;
				LD_RUNPATH_SEARCH_PATHS = (
					"$(inherited)",
					"@executable_path/Frameworks",
					"@loader_path/Frameworks",
				);
				PRODUCT_BUNDLE_IDENTIFIER = com.nostrumsoftware.TheMovieAppTests;
				PRODUCT_NAME = "$(TARGET_NAME)";
				SWIFT_VERSION = 5.0;
				TARGETED_DEVICE_FAMILY = "1,2";
				TEST_HOST = "$(BUILT_PRODUCTS_DIR)/TheMovieApp.app/TheMovieApp";
			};
			name = Release;
		};
		AFD24F14256F4F6400A4E1D5 /* Debug */ = {
			isa = XCBuildConfiguration;
			buildSettings = {
				ALWAYS_EMBED_SWIFT_STANDARD_LIBRARIES = YES;
				CODE_SIGN_STYLE = Automatic;
				DEVELOPMENT_TEAM = 6GD6X7TMPV;
				INFOPLIST_FILE = TheMovieAppUITests/Info.plist;
				LD_RUNPATH_SEARCH_PATHS = (
					"$(inherited)",
					"@executable_path/Frameworks",
					"@loader_path/Frameworks",
				);
				PRODUCT_BUNDLE_IDENTIFIER = com.nostrumsoftware.TheMovieAppUITests;
				PRODUCT_NAME = "$(TARGET_NAME)";
				SWIFT_VERSION = 5.0;
				TARGETED_DEVICE_FAMILY = "1,2";
				TEST_TARGET_NAME = TheMovieApp;
			};
			name = Debug;
		};
		AFD24F15256F4F6400A4E1D5 /* Release */ = {
			isa = XCBuildConfiguration;
			buildSettings = {
				ALWAYS_EMBED_SWIFT_STANDARD_LIBRARIES = YES;
				CODE_SIGN_STYLE = Automatic;
				DEVELOPMENT_TEAM = 6GD6X7TMPV;
				INFOPLIST_FILE = TheMovieAppUITests/Info.plist;
				LD_RUNPATH_SEARCH_PATHS = (
					"$(inherited)",
					"@executable_path/Frameworks",
					"@loader_path/Frameworks",
				);
				PRODUCT_BUNDLE_IDENTIFIER = com.nostrumsoftware.TheMovieAppUITests;
				PRODUCT_NAME = "$(TARGET_NAME)";
				SWIFT_VERSION = 5.0;
				TARGETED_DEVICE_FAMILY = "1,2";
				TEST_TARGET_NAME = TheMovieApp;
			};
			name = Release;
		};
/* End XCBuildConfiguration section */

/* Begin XCConfigurationList section */
		AFD24EDE256F4F6100A4E1D5 /* Build configuration list for PBXProject "TheMovieApp" */ = {
			isa = XCConfigurationList;
			buildConfigurations = (
				AFD24F0B256F4F6400A4E1D5 /* Debug */,
				AFD24F0C256F4F6400A4E1D5 /* Release */,
			);
			defaultConfigurationIsVisible = 0;
			defaultConfigurationName = Release;
		};
		AFD24F0D256F4F6400A4E1D5 /* Build configuration list for PBXNativeTarget "TheMovieApp" */ = {
			isa = XCConfigurationList;
			buildConfigurations = (
				AFD24F0E256F4F6400A4E1D5 /* Debug */,
				AFD24F0F256F4F6400A4E1D5 /* Release */,
			);
			defaultConfigurationIsVisible = 0;
			defaultConfigurationName = Release;
		};
		AFD24F10256F4F6400A4E1D5 /* Build configuration list for PBXNativeTarget "TheMovieAppTests" */ = {
			isa = XCConfigurationList;
			buildConfigurations = (
				AFD24F11256F4F6400A4E1D5 /* Debug */,
				AFD24F12256F4F6400A4E1D5 /* Release */,
			);
			defaultConfigurationIsVisible = 0;
			defaultConfigurationName = Release;
		};
		AFD24F13256F4F6400A4E1D5 /* Build configuration list for PBXNativeTarget "TheMovieAppUITests" */ = {
			isa = XCConfigurationList;
			buildConfigurations = (
				AFD24F14256F4F6400A4E1D5 /* Debug */,
				AFD24F15256F4F6400A4E1D5 /* Release */,
			);
			defaultConfigurationIsVisible = 0;
			defaultConfigurationName = Release;
		};
/* End XCConfigurationList section */

/* Begin XCRemoteSwiftPackageReference section */
		AFD24F52256FBE7400A4E1D5 /* XCRemoteSwiftPackageReference "Alamofire" */ = {
			isa = XCRemoteSwiftPackageReference;
			repositoryURL = "https://github.com/Alamofire/Alamofire.git";
			requirement = {
				kind = exactVersion;
				version = 5.4.0;
			};
		};
		AFD24F58256FBF1800A4E1D5 /* XCRemoteSwiftPackageReference "Kingfisher" */ = {
			isa = XCRemoteSwiftPackageReference;
			repositoryURL = "https://github.com/onevcat/Kingfisher.git";
			requirement = {
				kind = exactVersion;
				version = 5.15.7;
			};
		};
/* End XCRemoteSwiftPackageReference section */

/* Begin XCSwiftPackageProductDependency section */
		AFD24F53256FBE7400A4E1D5 /* Alamofire */ = {
			isa = XCSwiftPackageProductDependency;
			package = AFD24F52256FBE7400A4E1D5 /* XCRemoteSwiftPackageReference "Alamofire" */;
			productName = Alamofire;
		};
		AFD24F59256FBF1800A4E1D5 /* Kingfisher */ = {
			isa = XCSwiftPackageProductDependency;
			package = AFD24F58256FBF1800A4E1D5 /* XCRemoteSwiftPackageReference "Kingfisher" */;
			productName = Kingfisher;
		};
/* End XCSwiftPackageProductDependency section */
	};
	rootObject = AFD24EDB256F4F6100A4E1D5 /* Project object */;
}
